
Microsoft Visual Studio Solution File, Format Version 12.00
# Visual Studio Version 17
VisualStudioVersion = 17.7.34024.191
MinimumVisualStudioVersion = 15.0.26124.0
Project("{9A19103F-16F7-4668-BE54-9A1E7A4F7556}") = "Input", "Input\Input.csproj", "{E2CE66C8-189F-44D8-9816-C783A59BCD7E}"
EndProject
Project("{9A19103F-16F7-4668-BE54-9A1E7A4F7556}") = "Output", "Output\Output.csproj", "{A82DE49E-EB2C-49D5-B2A6-DA225457DBD7}"
EndProject
Project("{9A19103F-16F7-4668-BE54-9A1E7A4F7556}") = "Container", "Container\Container.csproj", "{89357AD9-E728-4F40-A9D9-D64C7738FBFC}"
EndProject
Project("{9A19103F-16F7-4668-BE54-9A1E7A4F7556}") = "ContainerContract", "ContainerContract\ContainerContract.csproj", "{43104DBF-1CCC-440E-9E96-20C81C9D54B3}"
EndProject
Global
	GlobalSection(SolutionConfigurationPlatforms) = preSolution
		Debug|Any CPU = Debug|Any CPU
		Debug|x64 = Debug|x64
		Debug|x86 = Debug|x86
		Release|Any CPU = Release|Any CPU
		Release|x64 = Release|x64
		Release|x86 = Release|x86
	EndGlobalSection
	GlobalSection(ProjectConfigurationPlatforms) = postSolution
		{E2CE66C8-189F-44D8-9816-C783A59BCD7E}.Debug|Any CPU.ActiveCfg = Debug|Any CPU
		{E2CE66C8-189F-44D8-9816-C783A59BCD7E}.Debug|Any CPU.Build.0 = Debug|Any CPU
		{E2CE66C8-189F-44D8-9816-C783A59BCD7E}.Debug|x64.ActiveCfg = Debug|Any CPU
		{E2CE66C8-189F-44D8-9816-C783A59BCD7E}.Debug|x64.Build.0 = Debug|Any CPU
		{E2CE66C8-189F-44D8-9816-C783A59BCD7E}.Debug|x86.ActiveCfg = Debug|Any CPU
		{E2CE66C8-189F-44D8-9816-C783A59BCD7E}.Debug|x86.Build.0 = Debug|Any CPU
		{E2CE66C8-189F-44D8-9816-C783A59BCD7E}.Release|Any CPU.ActiveCfg = Release|Any CPU
		{E2CE66C8-189F-44D8-9816-C783A59BCD7E}.Release|Any CPU.Build.0 = Release|Any CPU
		{E2CE66C8-189F-44D8-9816-C783A59BCD7E}.Release|x64.ActiveCfg = Release|Any CPU
		{E2CE66C8-189F-44D8-9816-C783A59BCD7E}.Release|x64.Build.0 = Release|Any CPU
		{E2CE66C8-189F-44D8-9816-C783A59BCD7E}.Release|x86.ActiveCfg = Release|Any CPU
		{E2CE66C8-189F-44D8-9816-C783A59BCD7E}.Release|x86.Build.0 = Release|Any CPU
		{A82DE49E-EB2C-49D5-B2A6-DA225457DBD7}.Debug|Any CPU.ActiveCfg = Debug|Any CPU
		{A82DE49E-EB2C-49D5-B2A6-DA225457DBD7}.Debug|Any CPU.Build.0 = Debug|Any CPU
		{A82DE49E-EB2C-49D5-B2A6-DA225457DBD7}.Debug|x64.ActiveCfg = Debug|Any CPU
		{A82DE49E-EB2C-49D5-B2A6-DA225457DBD7}.Debug|x64.Build.0 = Debug|Any CPU
		{A82DE49E-EB2C-49D5-B2A6-DA225457DBD7}.Debug|x86.ActiveCfg = Debug|Any CPU
		{A82DE49E-EB2C-49D5-B2A6-DA225457DBD7}.Debug|x86.Build.0 = Debug|Any CPU
		{A82DE49E-EB2C-49D5-B2A6-DA225457DBD7}.Release|Any CPU.ActiveCfg = Release|Any CPU
		{A82DE49E-EB2C-49D5-B2A6-DA225457DBD7}.Release|Any CPU.Build.0 = Release|Any CPU
		{A82DE49E-EB2C-49D5-B2A6-DA225457DBD7}.Release|x64.ActiveCfg = Release|Any CPU
		{A82DE49E-EB2C-49D5-B2A6-DA225457DBD7}.Release|x64.Build.0 = Release|Any CPU
		{A82DE49E-EB2C-49D5-B2A6-DA225457DBD7}.Release|x86.ActiveCfg = Release|Any CPU
		{A82DE49E-EB2C-49D5-B2A6-DA225457DBD7}.Release|x86.Build.0 = Release|Any CPU
		{89357AD9-E728-4F40-A9D9-D64C7738FBFC}.Debug|Any CPU.ActiveCfg = Debug|Any CPU
		{89357AD9-E728-4F40-A9D9-D64C7738FBFC}.Debug|Any CPU.Build.0 = Debug|Any CPU
		{89357AD9-E728-4F40-A9D9-D64C7738FBFC}.Debug|x64.ActiveCfg = Debug|Any CPU
		{89357AD9-E728-4F40-A9D9-D64C7738FBFC}.Debug|x64.Build.0 = Debug|Any CPU
		{89357AD9-E728-4F40-A9D9-D64C7738FBFC}.Debug|x86.ActiveCfg = Debug|Any CPU
		{89357AD9-E728-4F40-A9D9-D64C7738FBFC}.Debug|x86.Build.0 = Debug|Any CPU
		{89357AD9-E728-4F40-A9D9-D64C7738FBFC}.Release|Any CPU.ActiveCfg = Release|Any CPU
		{89357AD9-E728-4F40-A9D9-D64C7738FBFC}.Release|Any CPU.Build.0 = Release|Any CPU
		{89357AD9-E728-4F40-A9D9-D64C7738FBFC}.Release|x64.ActiveCfg = Release|Any CPU
		{89357AD9-E728-4F40-A9D9-D64C7738FBFC}.Release|x64.Build.0 = Release|Any CPU
		{89357AD9-E728-4F40-A9D9-D64C7738FBFC}.Release|x86.ActiveCfg = Release|Any CPU
		{89357AD9-E728-4F40-A9D9-D64C7738FBFC}.Release|x86.Build.0 = Release|Any CPU
		{43104DBF-1CCC-440E-9E96-20C81C9D54B3}.Debug|Any CPU.ActiveCfg = Debug|Any CPU
		{43104DBF-1CCC-440E-9E96-20C81C9D54B3}.Debug|Any CPU.Build.0 = Debug|Any CPU
		{43104DBF-1CCC-440E-9E96-20C81C9D54B3}.Debug|x64.ActiveCfg = Debug|Any CPU
		{43104DBF-1CCC-440E-9E96-20C81C9D54B3}.Debug|x64.Build.0 = Debug|Any CPU
		{43104DBF-1CCC-440E-9E96-20C81C9D54B3}.Debug|x86.ActiveCfg = Debug|Any CPU
		{43104DBF-1CCC-440E-9E96-20C81C9D54B3}.Debug|x86.Build.0 = Debug|Any CPU
		{43104DBF-1CCC-440E-9E96-20C81C9D54B3}.Release|Any CPU.ActiveCfg = Release|Any CPU
		{43104DBF-1CCC-440E-9E96-20C81C9D54B3}.Release|Any CPU.Build.0 = Release|Any CPU
		{43104DBF-1CCC-440E-9E96-20C81C9D54B3}.Release|x64.ActiveCfg = Release|Any CPU
		{43104DBF-1CCC-440E-9E96-20C81C9D54B3}.Release|x64.Build.0 = Release|Any CPU
		{43104DBF-1CCC-440E-9E96-20C81C9D54B3}.Release|x86.ActiveCfg = Release|Any CPU
		{43104DBF-1CCC-440E-9E96-20C81C9D54B3}.Release|x86.Build.0 = Release|Any CPU
	EndGlobalSection
	GlobalSection(SolutionProperties) = preSolution
		HideSolutionNode = FALSE
	EndGlobalSection
	GlobalSection(ExtensibilityGlobals) = postSolution
		SolutionGuid = {599C6FFC-6CB2-4341-BFD1-3EAF12501003}
	EndGlobalSection
EndGlobal
